
Microsoft Visual Studio Solution File, Format Version 12.00
# Visual Studio Version 16
VisualStudioVersion = 16.0.31321.278
MinimumVisualStudioVersion = 10.0.40219.1
Project("{888888A0-9F3D-457C-B088-3A5042F75D52}") = "speed test typing", "speed test typing.pyproj", "{913BE56C-5F2A-44EA-9267-3C190A443D31}"
EndProject
Global
	GlobalSection(SolutionConfigurationPlatforms) = preSolution
		Debug|Any CPU = Debug|Any CPU
		Release|Any CPU = Release|Any CPU
	EndGlobalSection
	GlobalSection(ProjectConfigurationPlatforms) = postSolution
		{913BE56C-5F2A-44EA-9267-3C190A443D31}.Debug|Any CPU.ActiveCfg = Debug|Any CPU
		{913BE56C-5F2A-44EA-9267-3C190A443D31}.Release|Any CPU.ActiveCfg = Release|Any CPU
	EndGlobalSection
	GlobalSection(SolutionProperties) = preSolution
		HideSolutionNode = FALSE
	EndGlobalSection
	GlobalSection(ExtensibilityGlobals) = postSolution
		SolutionGuid = {82907779-FC7B-44EC-B42B-C60B69DCA223}
	EndGlobalSection
EndGlobal
